// !$*UTF8*$!
{
	archiveVersion = 1;
	classes = {
	};
	objectVersion = 48;
	objects = {

/* Begin PBXBuildFile section */
		211124E720B254660031A4C0 /* YJHalfGrayFilter.m in Sources */ = {isa = PBXBuildFile; fileRef = 211124E520B254660031A4C0 /* YJHalfGrayFilter.m */; };
		211124EB20B2613E0031A4C0 /* frame.png in Resources */ = {isa = PBXBuildFile; fileRef = 211124EA20B2613E0031A4C0 /* frame.png */; };
		211124ED20B2666E0031A4C0 /* frame1.png in Resources */ = {isa = PBXBuildFile; fileRef = 211124EC20B2666E0031A4C0 /* frame1.png */; };
		211124F420B295000031A4C0 /* CustomFrameBlendThreeFilter.m in Sources */ = {isa = PBXBuildFile; fileRef = 211124F320B295000031A4C0 /* CustomFrameBlendThreeFilter.m */; };
		211124F720B2A15A0031A4C0 /* FrameBlendController.m in Sources */ = {isa = PBXBuildFile; fileRef = 211124F620B2A15A0031A4C0 /* FrameBlendController.m */; };
		211124FB20B2A4B60031A4C0 /* YJOldPhoteFilter.m in Sources */ = {isa = PBXBuildFile; fileRef = 211124FA20B2A4B60031A4C0 /* YJOldPhoteFilter.m */; };
		2167E8D420A96FF000EC48CB /* OpenCVController.mm in Sources */ = {isa = PBXBuildFile; fileRef = 2167E8D320A96FF000EC48CB /* OpenCVController.mm */; };
		2167E8D620A971B700EC48CB /* UIKit.framework in Frameworks */ = {isa = PBXBuildFile; fileRef = 2167E8D520A971B700EC48CB /* UIKit.framework */; };
		2178D17C20A16C4100A2473E /* awesomeface.jpg in Resources */ = {isa = PBXBuildFile; fileRef = 2178D17B20A16C4100A2473E /* awesomeface.jpg */; };
		217B1ABA20AEA12300C0815E /* OpenCVRoundController.mm in Sources */ = {isa = PBXBuildFile; fileRef = 217B1AB920AEA12300C0815E /* OpenCVRoundController.mm */; };
		217B1ABD20AEBEA500C0815E /* GPUCannyController.m in Sources */ = {isa = PBXBuildFile; fileRef = 217B1ABC20AEBEA500C0815E /* GPUCannyController.m */; };
		21879BF1209FF44700E55A35 /* source.jpg in Resources */ = {isa = PBXBuildFile; fileRef = 21879BF0209FF44700E55A35 /* source.jpg */; };
		21879BF3209FFDDF00E55A35 /* lookup_amatorka.png in Resources */ = {isa = PBXBuildFile; fileRef = 21879BF2209FFDDF00E55A35 /* lookup_amatorka.png */; };
		21879BF520A0226500E55A35 /* lookup.png in Resources */ = {isa = PBXBuildFile; fileRef = 21879BF420A0226500E55A35 /* lookup.png */; };
		218933DE20A2ECED00AF159F /* origin.png in Resources */ = {isa = PBXBuildFile; fileRef = 218933DD20A2ECEC00AF159F /* origin.png */; };
		2190C7BA20B3A72400A606D4 /* CustomSketchFilter.m in Sources */ = {isa = PBXBuildFile; fileRef = 2190C7B920B3A72400A606D4 /* CustomSketchFilter.m */; };
		2190C7BE20B3ABFB00A606D4 /* SimpleSketchController.m in Sources */ = {isa = PBXBuildFile; fileRef = 2190C7BD20B3ABFB00A606D4 /* SimpleSketchController.m */; };
		2190C7C420B3CA4F00A606D4 /* YJSnowFilter.m in Sources */ = {isa = PBXBuildFile; fileRef = 2190C7C320B3CA4F00A606D4 /* YJSnowFilter.m */; };
		2190C7C820B3ED6800A606D4 /* HalfSketchFilter.m in Sources */ = {isa = PBXBuildFile; fileRef = 2190C7C720B3ED6800A606D4 /* HalfSketchFilter.m */; };
		2190C7CB20B3F0E100A606D4 /* HalfSketchController.m in Sources */ = {isa = PBXBuildFile; fileRef = 2190C7CA20B3F0E100A606D4 /* HalfSketchController.m */; };
		21941CBC209C563400833A8F /* InvertFilter.m in Sources */ = {isa = PBXBuildFile; fileRef = 21941CBB209C563400833A8F /* InvertFilter.m */; };
		21B6611720B4037700AD2D53 /* amaroMap.png in Resources */ = {isa = PBXBuildFile; fileRef = 21B6611220B4037700AD2D53 /* amaroMap.png */; };
		21B6611920B4037700AD2D53 /* blackboard1024.png in Resources */ = {isa = PBXBuildFile; fileRef = 21B6611420B4037700AD2D53 /* blackboard1024.png */; };
		21B6611A20B4037700AD2D53 /* overlayMap.png in Resources */ = {isa = PBXBuildFile; fileRef = 21B6611520B4037700AD2D53 /* overlayMap.png */; };
		21B6612E20B411C800AD2D53 /* FWAmaroFilter.m in Sources */ = {isa = PBXBuildFile; fileRef = 21B6612C20B411C700AD2D53 /* FWAmaroFilter.m */; };
		21B6613120B411DD00AD2D53 /* GPUImageFourInputFilter.m in Sources */ = {isa = PBXBuildFile; fileRef = 21B6613020B411DD00AD2D53 /* GPUImageFourInputFilter.m */; };
		21EB1FDC208ECE9E0046F4DA /* AppDelegate.m in Sources */ = {isa = PBXBuildFile; fileRef = 21EB1FDB208ECE9E0046F4DA /* AppDelegate.m */; };
		21EB1FDF208ECE9E0046F4DA /* ViewController.mm in Sources */ = {isa = PBXBuildFile; fileRef = 21EB1FDE208ECE9E0046F4DA /* ViewController.mm */; };
		21EB1FE2208ECE9E0046F4DA /* Main.storyboard in Resources */ = {isa = PBXBuildFile; fileRef = 21EB1FE0208ECE9E0046F4DA /* Main.storyboard */; };
		21EB1FE4208ECE9E0046F4DA /* Assets.xcassets in Resources */ = {isa = PBXBuildFile; fileRef = 21EB1FE3208ECE9E0046F4DA /* Assets.xcassets */; };
		21EB1FE7208ECE9E0046F4DA /* LaunchScreen.storyboard in Resources */ = {isa = PBXBuildFile; fileRef = 21EB1FE5208ECE9E0046F4DA /* LaunchScreen.storyboard */; };
		21EB1FEA208ECE9E0046F4DA /* main.m in Sources */ = {isa = PBXBuildFile; fileRef = 21EB1FE9208ECE9E0046F4DA /* main.m */; };
		21EB1FF4208ECE9E0046F4DA /* iOSOpenGlTests.m in Sources */ = {isa = PBXBuildFile; fileRef = 21EB1FF3208ECE9E0046F4DA /* iOSOpenGlTests.m */; };
		21EB1FFF208ECE9E0046F4DA /* iOSOpenGlUITests.m in Sources */ = {isa = PBXBuildFile; fileRef = 21EB1FFE208ECE9E0046F4DA /* iOSOpenGlUITests.m */; };
		21EB200E208ED0EF0046F4DA /* OpenglView.m in Sources */ = {isa = PBXBuildFile; fileRef = 21EB200D208ED0EF0046F4DA /* OpenglView.m */; };
		21EB2013208EE2F00046F4DA /* GLESUtils.c in Sources */ = {isa = PBXBuildFile; fileRef = 21EB2011208EE2F00046F4DA /* GLESUtils.c */; };
		21EB2015208EF61D0046F4DA /* VertexShader.glsl in Resources */ = {isa = PBXBuildFile; fileRef = 21EB2014208EF61D0046F4DA /* VertexShader.glsl */; };
		21EB2017208EF62F0046F4DA /* FragmentShader.glsl in Resources */ = {isa = PBXBuildFile; fileRef = 21EB2016208EF62F0046F4DA /* FragmentShader.glsl */; };
		21EB203A208F24E00046F4DA /* wood.jpg in Resources */ = {isa = PBXBuildFile; fileRef = 21EB2039208F24E00046F4DA /* wood.jpg */; };
		21EB2055208F2E920046F4DA /* libjpeg.a in Frameworks */ = {isa = PBXBuildFile; fileRef = 21EB204C208F2E920046F4DA /* libjpeg.a */; };
		21EB2056208F2E920046F4DA /* JpegUtil.c in Sources */ = {isa = PBXBuildFile; fileRef = 21EB2054208F2E920046F4DA /* JpegUtil.c */; };
		21EB2B3B20902DC600238143 /* flower.jpg in Resources */ = {isa = PBXBuildFile; fileRef = 21EB2B3A20902DC500238143 /* flower.jpg */; };
		22E2622F20B46C8D005F2960 /* opencv2.framework in Frameworks */ = {isa = PBXBuildFile; fileRef = 22E2622E20B46C8D005F2960 /* opencv2.framework */; };
		22E2623320B46D85005F2960 /* FWNashvilleFilter.m in Sources */ = {isa = PBXBuildFile; fileRef = 22E2623220B46D84005F2960 /* FWNashvilleFilter.m */; };
		22E2623520B46F66005F2960 /* nashvilleMap.png in Resources */ = {isa = PBXBuildFile; fileRef = 22E2623420B46F66005F2960 /* nashvilleMap.png */; };
		22E8ADA420A7D0FD0000A591 /* AVFoundation.framework in Frameworks */ = {isa = PBXBuildFile; fileRef = 22E8ADA320A7D0FD0000A591 /* AVFoundation.framework */; };
		22E8ADA620A7D1020000A591 /* CoreImage.framework in Frameworks */ = {isa = PBXBuildFile; fileRef = 22E8ADA520A7D1020000A591 /* CoreImage.framework */; };
		22E8ADA820A7D1080000A591 /* CoreGraphics.framework in Frameworks */ = {isa = PBXBuildFile; fileRef = 22E8ADA720A7D1080000A591 /* CoreGraphics.framework */; };
		22E8ADAA20A7D1100000A591 /* QuartzCore.framework in Frameworks */ = {isa = PBXBuildFile; fileRef = 22E8ADA920A7D1100000A591 /* QuartzCore.framework */; };
		22E8ADAC20A7D1140000A591 /* Accelerate.framework in Frameworks */ = {isa = PBXBuildFile; fileRef = 22E8ADAB20A7D1140000A591 /* Accelerate.framework */; };
		22E8ADAE20A7D11D0000A591 /* CoreVideo.framework in Frameworks */ = {isa = PBXBuildFile; fileRef = 22E8ADAD20A7D11D0000A591 /* CoreVideo.framework */; };
		22E8ADB020A7D1230000A591 /* CoreMedia.framework in Frameworks */ = {isa = PBXBuildFile; fileRef = 22E8ADAF20A7D1230000A591 /* CoreMedia.framework */; };
		22E8ADB220A7D12C0000A591 /* AssetsLibrary.framework in Frameworks */ = {isa = PBXBuildFile; fileRef = 22E8ADB120A7D12C0000A591 /* AssetsLibrary.framework */; };
		22E8ADB520B14CEB0000A591 /* ColorController.m in Sources */ = {isa = PBXBuildFile; fileRef = 22E8ADB420B14CEA0000A591 /* ColorController.m */; };
		22E8ADC520B14E3D0000A591 /* CustomAlphaBlendFilter.m in Sources */ = {isa = PBXBuildFile; fileRef = 22E8ADB820B14E3C0000A591 /* CustomAlphaBlendFilter.m */; };
		22E8ADC620B14E3D0000A591 /* CustomBeautyfaceFilter.m in Sources */ = {isa = PBXBuildFile; fileRef = 22E8ADBA20B14E3C0000A591 /* CustomBeautyfaceFilter.m */; };
		22E8ADC720B14E3D0000A591 /* CustomBrightnessFilter.m in Sources */ = {isa = PBXBuildFile; fileRef = 22E8ADBC20B14E3C0000A591 /* CustomBrightnessFilter.m */; };
		22E8ADC820B14E3D0000A591 /* CustomHSVFilter.m in Sources */ = {isa = PBXBuildFile; fileRef = 22E8ADBE20B14E3C0000A591 /* CustomHSVFilter.m */; };
		22E8ADC920B14E3D0000A591 /* CustomSkinFilter.m in Sources */ = {isa = PBXBuildFile; fileRef = 22E8ADC020B14E3C0000A591 /* CustomSkinFilter.m */; };
		22E8ADCA20B14E3D0000A591 /* CustomUIElement.m in Sources */ = {isa = PBXBuildFile; fileRef = 22E8ADC220B14E3C0000A591 /* CustomUIElement.m */; };
		22E8ADCB20B14E3D0000A591 /* FishEyeFilter.m in Sources */ = {isa = PBXBuildFile; fileRef = 22E8ADC420B14E3C0000A591 /* FishEyeFilter.m */; };
		316C33563F490C20A8887C18 /* libPods-iOSOpenGl.a in Frameworks */ = {isa = PBXBuildFile; fileRef = D209625752C766FBBB1265DF /* libPods-iOSOpenGl.a */; };
/* End PBXBuildFile section */

/* Begin PBXContainerItemProxy section */
		21EB1FF0208ECE9E0046F4DA /* PBXContainerItemProxy */ = {
			isa = PBXContainerItemProxy;
			containerPortal = 21EB1FCF208ECE9E0046F4DA /* Project object */;
			proxyType = 1;
			remoteGlobalIDString = 21EB1FD6208ECE9E0046F4DA;
			remoteInfo = iOSOpenGl;
		};
		21EB1FFB208ECE9E0046F4DA /* PBXContainerItemProxy */ = {
			isa = PBXContainerItemProxy;
			containerPortal = 21EB1FCF208ECE9E0046F4DA /* Project object */;
			proxyType = 1;
			remoteGlobalIDString = 21EB1FD6208ECE9E0046F4DA;
			remoteInfo = iOSOpenGl;
		};
/* End PBXContainerItemProxy section */

/* Begin PBXFileReference section */
		211124E420B254660031A4C0 /* YJHalfGrayFilter.h */ = {isa = PBXFileReference; fileEncoding = 4; lastKnownFileType = sourcecode.c.h; path = YJHalfGrayFilter.h; sourceTree = "<group>"; };
		211124E520B254660031A4C0 /* YJHalfGrayFilter.m */ = {isa = PBXFileReference; fileEncoding = 4; lastKnownFileType = sourcecode.c.objc; path = YJHalfGrayFilter.m; sourceTree = "<group>"; };
		211124EA20B2613E0031A4C0 /* frame.png */ = {isa = PBXFileReference; lastKnownFileType = image.png; path = frame.png; sourceTree = "<group>"; };
		211124EC20B2666E0031A4C0 /* frame1.png */ = {isa = PBXFileReference; lastKnownFileType = image.png; path = frame1.png; sourceTree = "<group>"; };
		211124F220B295000031A4C0 /* CustomFrameBlendThreeFilter.h */ = {isa = PBXFileReference; lastKnownFileType = sourcecode.c.h; path = CustomFrameBlendThreeFilter.h; sourceTree = "<group>"; };
		211124F320B295000031A4C0 /* CustomFrameBlendThreeFilter.m */ = {isa = PBXFileReference; lastKnownFileType = sourcecode.c.objc; path = CustomFrameBlendThreeFilter.m; sourceTree = "<group>"; };
		211124F520B2A15A0031A4C0 /* FrameBlendController.h */ = {isa = PBXFileReference; lastKnownFileType = sourcecode.c.h; path = FrameBlendController.h; sourceTree = "<group>"; };
		211124F620B2A15A0031A4C0 /* FrameBlendController.m */ = {isa = PBXFileReference; lastKnownFileType = sourcecode.c.objc; path = FrameBlendController.m; sourceTree = "<group>"; };
		211124F920B2A4B60031A4C0 /* YJOldPhoteFilter.h */ = {isa = PBXFileReference; lastKnownFileType = sourcecode.c.h; path = YJOldPhoteFilter.h; sourceTree = "<group>"; };
		211124FA20B2A4B60031A4C0 /* YJOldPhoteFilter.m */ = {isa = PBXFileReference; lastKnownFileType = sourcecode.c.objc; path = YJOldPhoteFilter.m; sourceTree = "<group>"; };
		2167E8D220A96FF000EC48CB /* OpenCVController.h */ = {isa = PBXFileReference; lastKnownFileType = sourcecode.c.h; path = OpenCVController.h; sourceTree = "<group>"; };
		2167E8D320A96FF000EC48CB /* OpenCVController.mm */ = {isa = PBXFileReference; lastKnownFileType = sourcecode.cpp.objcpp; path = OpenCVController.mm; sourceTree = "<group>"; };
		2167E8D520A971B700EC48CB /* UIKit.framework */ = {isa = PBXFileReference; lastKnownFileType = wrapper.framework; name = UIKit.framework; path = System/Library/Frameworks/UIKit.framework; sourceTree = SDKROOT; };
		2178D17B20A16C4100A2473E /* awesomeface.jpg */ = {isa = PBXFileReference; lastKnownFileType = image.jpeg; path = awesomeface.jpg; sourceTree = "<group>"; };
		217B1AB820AEA12300C0815E /* OpenCVRoundController.h */ = {isa = PBXFileReference; lastKnownFileType = sourcecode.c.h; path = OpenCVRoundController.h; sourceTree = "<group>"; };
		217B1AB920AEA12300C0815E /* OpenCVRoundController.mm */ = {isa = PBXFileReference; lastKnownFileType = sourcecode.cpp.objcpp; path = OpenCVRoundController.mm; sourceTree = "<group>"; };
		217B1ABB20AEBEA500C0815E /* GPUCannyController.h */ = {isa = PBXFileReference; lastKnownFileType = sourcecode.c.h; path = GPUCannyController.h; sourceTree = "<group>"; };
		217B1ABC20AEBEA500C0815E /* GPUCannyController.m */ = {isa = PBXFileReference; lastKnownFileType = sourcecode.c.objc; path = GPUCannyController.m; sourceTree = "<group>"; };
		21879BF0209FF44700E55A35 /* source.jpg */ = {isa = PBXFileReference; lastKnownFileType = image.jpeg; path = source.jpg; sourceTree = "<group>"; };
		21879BF2209FFDDF00E55A35 /* lookup_amatorka.png */ = {isa = PBXFileReference; lastKnownFileType = image.png; path = lookup_amatorka.png; sourceTree = "<group>"; };
		21879BF420A0226500E55A35 /* lookup.png */ = {isa = PBXFileReference; lastKnownFileType = image.png; path = lookup.png; sourceTree = "<group>"; };
		218933DD20A2ECEC00AF159F /* origin.png */ = {isa = PBXFileReference; lastKnownFileType = image.png; path = origin.png; sourceTree = "<group>"; };
		2190C7B820B3A72400A606D4 /* CustomSketchFilter.h */ = {isa = PBXFileReference; lastKnownFileType = sourcecode.c.h; path = CustomSketchFilter.h; sourceTree = "<group>"; };
		2190C7B920B3A72400A606D4 /* CustomSketchFilter.m */ = {isa = PBXFileReference; lastKnownFileType = sourcecode.c.objc; path = CustomSketchFilter.m; sourceTree = "<group>"; };
		2190C7BC20B3ABFB00A606D4 /* SimpleSketchController.h */ = {isa = PBXFileReference; lastKnownFileType = sourcecode.c.h; path = SimpleSketchController.h; sourceTree = "<group>"; };
		2190C7BD20B3ABFB00A606D4 /* SimpleSketchController.m */ = {isa = PBXFileReference; lastKnownFileType = sourcecode.c.objc; path = SimpleSketchController.m; sourceTree = "<group>"; };
		2190C7C220B3CA4F00A606D4 /* YJSnowFilter.h */ = {isa = PBXFileReference; lastKnownFileType = sourcecode.c.h; path = YJSnowFilter.h; sourceTree = "<group>"; };
		2190C7C320B3CA4F00A606D4 /* YJSnowFilter.m */ = {isa = PBXFileReference; lastKnownFileType = sourcecode.c.objc; path = YJSnowFilter.m; sourceTree = "<group>"; };
		2190C7C620B3ED6800A606D4 /* HalfSketchFilter.h */ = {isa = PBXFileReference; lastKnownFileType = sourcecode.c.h; path = HalfSketchFilter.h; sourceTree = "<group>"; };
		2190C7C720B3ED6800A606D4 /* HalfSketchFilter.m */ = {isa = PBXFileReference; lastKnownFileType = sourcecode.c.objc; path = HalfSketchFilter.m; sourceTree = "<group>"; };
		2190C7C920B3F0E100A606D4 /* HalfSketchController.h */ = {isa = PBXFileReference; lastKnownFileType = sourcecode.c.h; path = HalfSketchController.h; sourceTree = "<group>"; };
		2190C7CA20B3F0E100A606D4 /* HalfSketchController.m */ = {isa = PBXFileReference; lastKnownFileType = sourcecode.c.objc; path = HalfSketchController.m; sourceTree = "<group>"; };
		21941CBA209C563400833A8F /* InvertFilter.h */ = {isa = PBXFileReference; lastKnownFileType = sourcecode.c.h; path = InvertFilter.h; sourceTree = "<group>"; };
		21941CBB209C563400833A8F /* InvertFilter.m */ = {isa = PBXFileReference; lastKnownFileType = sourcecode.c.objc; path = InvertFilter.m; sourceTree = "<group>"; };
		21B5945B20946078004EC8BB /* macro.h */ = {isa = PBXFileReference; lastKnownFileType = sourcecode.c.h; path = macro.h; sourceTree = "<group>"; };
		21B6611220B4037700AD2D53 /* amaroMap.png */ = {isa = PBXFileReference; lastKnownFileType = image.png; path = amaroMap.png; sourceTree = "<group>"; };
		21B6611420B4037700AD2D53 /* blackboard1024.png */ = {isa = PBXFileReference; lastKnownFileType = image.png; path = blackboard1024.png; sourceTree = "<group>"; };
		21B6611520B4037700AD2D53 /* overlayMap.png */ = {isa = PBXFileReference; lastKnownFileType = image.png; path = overlayMap.png; sourceTree = "<group>"; };
		21B6611E20B407E200AD2D53 /* opengl.pch */ = {isa = PBXFileReference; lastKnownFileType = sourcecode.c.h; path = opengl.pch; sourceTree = "<group>"; };
		21B6612C20B411C700AD2D53 /* FWAmaroFilter.m */ = {isa = PBXFileReference; fileEncoding = 4; lastKnownFileType = sourcecode.c.objc; path = FWAmaroFilter.m; sourceTree = "<group>"; };
		21B6612D20B411C800AD2D53 /* FWAmaroFilter.h */ = {isa = PBXFileReference; fileEncoding = 4; lastKnownFileType = sourcecode.c.h; path = FWAmaroFilter.h; sourceTree = "<group>"; };
		21B6612F20B411DD00AD2D53 /* GPUImageFourInputFilter.h */ = {isa = PBXFileReference; fileEncoding = 4; lastKnownFileType = sourcecode.c.h; path = GPUImageFourInputFilter.h; sourceTree = "<group>"; };
		21B6613020B411DD00AD2D53 /* GPUImageFourInputFilter.m */ = {isa = PBXFileReference; fileEncoding = 4; lastKnownFileType = sourcecode.c.objc; path = GPUImageFourInputFilter.m; sourceTree = "<group>"; };
		21EB1FD7208ECE9E0046F4DA /* iOSOpenGl.app */ = {isa = PBXFileReference; explicitFileType = wrapper.application; includeInIndex = 0; path = iOSOpenGl.app; sourceTree = BUILT_PRODUCTS_DIR; };
		21EB1FDA208ECE9E0046F4DA /* AppDelegate.h */ = {isa = PBXFileReference; lastKnownFileType = sourcecode.c.h; path = AppDelegate.h; sourceTree = "<group>"; };
		21EB1FDB208ECE9E0046F4DA /* AppDelegate.m */ = {isa = PBXFileReference; lastKnownFileType = sourcecode.c.objc; path = AppDelegate.m; sourceTree = "<group>"; };
		21EB1FDD208ECE9E0046F4DA /* ViewController.h */ = {isa = PBXFileReference; lastKnownFileType = sourcecode.c.h; path = ViewController.h; sourceTree = "<group>"; };
		21EB1FDE208ECE9E0046F4DA /* ViewController.mm */ = {isa = PBXFileReference; lastKnownFileType = sourcecode.cpp.objcpp; path = ViewController.mm; sourceTree = "<group>"; };
		21EB1FE1208ECE9E0046F4DA /* Base */ = {isa = PBXFileReference; lastKnownFileType = file.storyboard; name = Base; path = Base.lproj/Main.storyboard; sourceTree = "<group>"; };
		21EB1FE3208ECE9E0046F4DA /* Assets.xcassets */ = {isa = PBXFileReference; lastKnownFileType = folder.assetcatalog; path = Assets.xcassets; sourceTree = "<group>"; };
		21EB1FE6208ECE9E0046F4DA /* Base */ = {isa = PBXFileReference; lastKnownFileType = file.storyboard; name = Base; path = Base.lproj/LaunchScreen.storyboard; sourceTree = "<group>"; };
		21EB1FE8208ECE9E0046F4DA /* Info.plist */ = {isa = PBXFileReference; lastKnownFileType = text.plist.xml; path = Info.plist; sourceTree = "<group>"; };
		21EB1FE9208ECE9E0046F4DA /* main.m */ = {isa = PBXFileReference; lastKnownFileType = sourcecode.c.objc; path = main.m; sourceTree = "<group>"; };
		21EB1FEF208ECE9E0046F4DA /* iOSOpenGlTests.xctest */ = {isa = PBXFileReference; explicitFileType = wrapper.cfbundle; includeInIndex = 0; path = iOSOpenGlTests.xctest; sourceTree = BUILT_PRODUCTS_DIR; };
		21EB1FF3208ECE9E0046F4DA /* iOSOpenGlTests.m */ = {isa = PBXFileReference; lastKnownFileType = sourcecode.c.objc; path = iOSOpenGlTests.m; sourceTree = "<group>"; };
		21EB1FF5208ECE9E0046F4DA /* Info.plist */ = {isa = PBXFileReference; lastKnownFileType = text.plist.xml; path = Info.plist; sourceTree = "<group>"; };
		21EB1FFA208ECE9E0046F4DA /* iOSOpenGlUITests.xctest */ = {isa = PBXFileReference; explicitFileType = wrapper.cfbundle; includeInIndex = 0; path = iOSOpenGlUITests.xctest; sourceTree = BUILT_PRODUCTS_DIR; };
		21EB1FFE208ECE9E0046F4DA /* iOSOpenGlUITests.m */ = {isa = PBXFileReference; lastKnownFileType = sourcecode.c.objc; path = iOSOpenGlUITests.m; sourceTree = "<group>"; };
		21EB2000208ECE9E0046F4DA /* Info.plist */ = {isa = PBXFileReference; lastKnownFileType = text.plist.xml; path = Info.plist; sourceTree = "<group>"; };
		21EB200C208ED0EF0046F4DA /* OpenglView.h */ = {isa = PBXFileReference; lastKnownFileType = sourcecode.c.h; path = OpenglView.h; sourceTree = "<group>"; };
		21EB200D208ED0EF0046F4DA /* OpenglView.m */ = {isa = PBXFileReference; lastKnownFileType = sourcecode.c.objc; path = OpenglView.m; sourceTree = "<group>"; };
		21EB2011208EE2F00046F4DA /* GLESUtils.c */ = {isa = PBXFileReference; lastKnownFileType = sourcecode.c.c; path = GLESUtils.c; sourceTree = "<group>"; };
		21EB2012208EE2F00046F4DA /* GLESUtils.h */ = {isa = PBXFileReference; lastKnownFileType = sourcecode.c.h; path = GLESUtils.h; sourceTree = "<group>"; };
		21EB2014208EF61D0046F4DA /* VertexShader.glsl */ = {isa = PBXFileReference; lastKnownFileType = text; path = VertexShader.glsl; sourceTree = "<group>"; };
		21EB2016208EF62F0046F4DA /* FragmentShader.glsl */ = {isa = PBXFileReference; lastKnownFileType = text; path = FragmentShader.glsl; sourceTree = "<group>"; };
		21EB2039208F24E00046F4DA /* wood.jpg */ = {isa = PBXFileReference; lastKnownFileType = image.jpeg; path = wood.jpg; sourceTree = "<group>"; };
		21EB204C208F2E920046F4DA /* libjpeg.a */ = {isa = PBXFileReference; lastKnownFileType = archive.ar; path = libjpeg.a; sourceTree = "<group>"; };
		21EB204F208F2E920046F4DA /* jconfig.h */ = {isa = PBXFileReference; fileEncoding = 4; lastKnownFileType = sourcecode.c.h; path = jconfig.h; sourceTree = "<group>"; };
		21EB2050208F2E920046F4DA /* jerror.h */ = {isa = PBXFileReference; fileEncoding = 4; lastKnownFileType = sourcecode.c.h; path = jerror.h; sourceTree = "<group>"; };
		21EB2051208F2E920046F4DA /* jmorecfg.h */ = {isa = PBXFileReference; fileEncoding = 4; lastKnownFileType = sourcecode.c.h; path = jmorecfg.h; sourceTree = "<group>"; };
		21EB2052208F2E920046F4DA /* jpeglib.h */ = {isa = PBXFileReference; fileEncoding = 4; lastKnownFileType = sourcecode.c.h; path = jpeglib.h; sourceTree = "<group>"; };
		21EB2053208F2E920046F4DA /* JpegUtil.h */ = {isa = PBXFileReference; fileEncoding = 4; lastKnownFileType = sourcecode.c.h; path = JpegUtil.h; sourceTree = "<group>"; };
		21EB2054208F2E920046F4DA /* JpegUtil.c */ = {isa = PBXFileReference; fileEncoding = 4; lastKnownFileType = sourcecode.c.c; path = JpegUtil.c; sourceTree = "<group>"; };
		21EB2B3A20902DC500238143 /* flower.jpg */ = {isa = PBXFileReference; lastKnownFileType = image.jpeg; path = flower.jpg; sourceTree = "<group>"; };
		22E2622E20B46C8D005F2960 /* opencv2.framework */ = {isa = PBXFileReference; lastKnownFileType = wrapper.framework; path = opencv2.framework; sourceTree = "<group>"; };
		22E2623120B46D84005F2960 /* FWNashvilleFilter.h */ = {isa = PBXFileReference; fileEncoding = 4; lastKnownFileType = sourcecode.c.h; path = FWNashvilleFilter.h; sourceTree = "<group>"; };
		22E2623220B46D84005F2960 /* FWNashvilleFilter.m */ = {isa = PBXFileReference; fileEncoding = 4; lastKnownFileType = sourcecode.c.objc; path = FWNashvilleFilter.m; sourceTree = "<group>"; };
		22E2623420B46F66005F2960 /* nashvilleMap.png */ = {isa = PBXFileReference; lastKnownFileType = image.png; path = nashvilleMap.png; sourceTree = "<group>"; };
		22E8ADA320A7D0FD0000A591 /* AVFoundation.framework */ = {isa = PBXFileReference; lastKnownFileType = wrapper.framework; name = AVFoundation.framework; path = System/Library/Frameworks/AVFoundation.framework; sourceTree = SDKROOT; };
		22E8ADA520A7D1020000A591 /* CoreImage.framework */ = {isa = PBXFileReference; lastKnownFileType = wrapper.framework; name = CoreImage.framework; path = System/Library/Frameworks/CoreImage.framework; sourceTree = SDKROOT; };
		22E8ADA720A7D1080000A591 /* CoreGraphics.framework */ = {isa = PBXFileReference; lastKnownFileType = wrapper.framework; name = CoreGraphics.framework; path = System/Library/Frameworks/CoreGraphics.framework; sourceTree = SDKROOT; };
		22E8ADA920A7D1100000A591 /* QuartzCore.framework */ = {isa = PBXFileReference; lastKnownFileType = wrapper.framework; name = QuartzCore.framework; path = System/Library/Frameworks/QuartzCore.framework; sourceTree = SDKROOT; };
		22E8ADAB20A7D1140000A591 /* Accelerate.framework */ = {isa = PBXFileReference; lastKnownFileType = wrapper.framework; name = Accelerate.framework; path = System/Library/Frameworks/Accelerate.framework; sourceTree = SDKROOT; };
		22E8ADAD20A7D11D0000A591 /* CoreVideo.framework */ = {isa = PBXFileReference; lastKnownFileType = wrapper.framework; name = CoreVideo.framework; path = System/Library/Frameworks/CoreVideo.framework; sourceTree = SDKROOT; };
		22E8ADAF20A7D1230000A591 /* CoreMedia.framework */ = {isa = PBXFileReference; lastKnownFileType = wrapper.framework; name = CoreMedia.framework; path = System/Library/Frameworks/CoreMedia.framework; sourceTree = SDKROOT; };
		22E8ADB120A7D12C0000A591 /* AssetsLibrary.framework */ = {isa = PBXFileReference; lastKnownFileType = wrapper.framework; name = AssetsLibrary.framework; path = System/Library/Frameworks/AssetsLibrary.framework; sourceTree = SDKROOT; };
		22E8ADB320B14CEA0000A591 /* ColorController.h */ = {isa = PBXFileReference; lastKnownFileType = sourcecode.c.h; path = ColorController.h; sourceTree = "<group>"; };
		22E8ADB420B14CEA0000A591 /* ColorController.m */ = {isa = PBXFileReference; lastKnownFileType = sourcecode.c.objc; path = ColorController.m; sourceTree = "<group>"; };
		22E8ADB720B14E3C0000A591 /* CustomAlphaBlendFilter.h */ = {isa = PBXFileReference; fileEncoding = 4; lastKnownFileType = sourcecode.c.h; path = CustomAlphaBlendFilter.h; sourceTree = "<group>"; };
		22E8ADB820B14E3C0000A591 /* CustomAlphaBlendFilter.m */ = {isa = PBXFileReference; fileEncoding = 4; lastKnownFileType = sourcecode.c.objc; path = CustomAlphaBlendFilter.m; sourceTree = "<group>"; };
		22E8ADB920B14E3C0000A591 /* CustomBeautyfaceFilter.h */ = {isa = PBXFileReference; fileEncoding = 4; lastKnownFileType = sourcecode.c.h; path = CustomBeautyfaceFilter.h; sourceTree = "<group>"; };
		22E8ADBA20B14E3C0000A591 /* CustomBeautyfaceFilter.m */ = {isa = PBXFileReference; fileEncoding = 4; lastKnownFileType = sourcecode.c.objc; path = CustomBeautyfaceFilter.m; sourceTree = "<group>"; };
		22E8ADBB20B14E3C0000A591 /* CustomBrightnessFilter.h */ = {isa = PBXFileReference; fileEncoding = 4; lastKnownFileType = sourcecode.c.h; path = CustomBrightnessFilter.h; sourceTree = "<group>"; };
		22E8ADBC20B14E3C0000A591 /* CustomBrightnessFilter.m */ = {isa = PBXFileReference; fileEncoding = 4; lastKnownFileType = sourcecode.c.objc; path = CustomBrightnessFilter.m; sourceTree = "<group>"; };
		22E8ADBD20B14E3C0000A591 /* CustomHSVFilter.h */ = {isa = PBXFileReference; fileEncoding = 4; lastKnownFileType = sourcecode.c.h; path = CustomHSVFilter.h; sourceTree = "<group>"; };
		22E8ADBE20B14E3C0000A591 /* CustomHSVFilter.m */ = {isa = PBXFileReference; fileEncoding = 4; lastKnownFileType = sourcecode.c.objc; path = CustomHSVFilter.m; sourceTree = "<group>"; };
		22E8ADBF20B14E3C0000A591 /* CustomSkinFilter.h */ = {isa = PBXFileReference; fileEncoding = 4; lastKnownFileType = sourcecode.c.h; path = CustomSkinFilter.h; sourceTree = "<group>"; };
		22E8ADC020B14E3C0000A591 /* CustomSkinFilter.m */ = {isa = PBXFileReference; fileEncoding = 4; lastKnownFileType = sourcecode.c.objc; path = CustomSkinFilter.m; sourceTree = "<group>"; };
		22E8ADC120B14E3C0000A591 /* CustomUIElement.h */ = {isa = PBXFileReference; fileEncoding = 4; lastKnownFileType = sourcecode.c.h; path = CustomUIElement.h; sourceTree = "<group>"; };
		22E8ADC220B14E3C0000A591 /* CustomUIElement.m */ = {isa = PBXFileReference; fileEncoding = 4; lastKnownFileType = sourcecode.c.objc; path = CustomUIElement.m; sourceTree = "<group>"; };
		22E8ADC320B14E3C0000A591 /* FishEyeFilter.h */ = {isa = PBXFileReference; fileEncoding = 4; lastKnownFileType = sourcecode.c.h; path = FishEyeFilter.h; sourceTree = "<group>"; };
		22E8ADC420B14E3C0000A591 /* FishEyeFilter.m */ = {isa = PBXFileReference; fileEncoding = 4; lastKnownFileType = sourcecode.c.objc; path = FishEyeFilter.m; sourceTree = "<group>"; };
		B972DBB5686C7510C1846A83 /* Pods-iOSOpenGl.release.xcconfig */ = {isa = PBXFileReference; includeInIndex = 1; lastKnownFileType = text.xcconfig; name = "Pods-iOSOpenGl.release.xcconfig"; path = "Pods/Target Support Files/Pods-iOSOpenGl/Pods-iOSOpenGl.release.xcconfig"; sourceTree = "<group>"; };
		C454923D628F5FB9E143D11E /* Pods-iOSOpenGl.debug.xcconfig */ = {isa = PBXFileReference; includeInIndex = 1; lastKnownFileType = text.xcconfig; name = "Pods-iOSOpenGl.debug.xcconfig"; path = "Pods/Target Support Files/Pods-iOSOpenGl/Pods-iOSOpenGl.debug.xcconfig"; sourceTree = "<group>"; };
		D209625752C766FBBB1265DF /* libPods-iOSOpenGl.a */ = {isa = PBXFileReference; explicitFileType = archive.ar; includeInIndex = 0; path = "libPods-iOSOpenGl.a"; sourceTree = BUILT_PRODUCTS_DIR; };
/* End PBXFileReference section */

/* Begin PBXFrameworksBuildPhase section */
		21EB1FD4208ECE9E0046F4DA /* Frameworks */ = {
			isa = PBXFrameworksBuildPhase;
			buildActionMask = 2147483647;
			files = (
				22E8ADA420A7D0FD0000A591 /* AVFoundation.framework in Frameworks */,
				2167E8D620A971B700EC48CB /* UIKit.framework in Frameworks */,
				22E8ADAA20A7D1100000A591 /* QuartzCore.framework in Frameworks */,
				22E8ADB220A7D12C0000A591 /* AssetsLibrary.framework in Frameworks */,
				22E8ADB020A7D1230000A591 /* CoreMedia.framework in Frameworks */,
				22E8ADAE20A7D11D0000A591 /* CoreVideo.framework in Frameworks */,
				22E2622F20B46C8D005F2960 /* opencv2.framework in Frameworks */,
				22E8ADAC20A7D1140000A591 /* Accelerate.framework in Frameworks */,
				22E8ADA820A7D1080000A591 /* CoreGraphics.framework in Frameworks */,
				22E8ADA620A7D1020000A591 /* CoreImage.framework in Frameworks */,
				21EB2055208F2E920046F4DA /* libjpeg.a in Frameworks */,
				316C33563F490C20A8887C18 /* libPods-iOSOpenGl.a in Frameworks */,
			);
			runOnlyForDeploymentPostprocessing = 0;
		};
		21EB1FEC208ECE9E0046F4DA /* Frameworks */ = {
			isa = PBXFrameworksBuildPhase;
			buildActionMask = 2147483647;
			files = (
			);
			runOnlyForDeploymentPostprocessing = 0;
		};
		21EB1FF7208ECE9E0046F4DA /* Frameworks */ = {
			isa = PBXFrameworksBuildPhase;
			buildActionMask = 2147483647;
			files = (
			);
			runOnlyForDeploymentPostprocessing = 0;
		};
/* End PBXFrameworksBuildPhase section */

/* Begin PBXGroup section */
		12A3918FD631E03F73279286 /* Pods */ = {
			isa = PBXGroup;
			children = (
				C454923D628F5FB9E143D11E /* Pods-iOSOpenGl.debug.xcconfig */,
				B972DBB5686C7510C1846A83 /* Pods-iOSOpenGl.release.xcconfig */,
			);
			name = Pods;
			sourceTree = "<group>";
		};
		211124E220B254660031A4C0 /* ColorFilter */ = {
			isa = PBXGroup;
			children = (
				22E2623020B46D84005F2960 /* fw_nashville_奶昔 */,
				21B6612F20B411DD00AD2D53 /* GPUImageFourInputFilter.h */,
				21B6613020B411DD00AD2D53 /* GPUImageFourInputFilter.m */,
				21B6611120B4033300AD2D53 /* fw_amaro_鸡尾酒 */,
				2190C7C520B3ED3B00A606D4 /* HalfSketch */,
				2190C7BB20B3ABD200A606D4 /* SimpleSketch */,
				211124F820B2A4860031A4C0 /* OldPhoto */,
				211124E320B254660031A4C0 /* HalfGray */,
				211124E620B254660031A4C0 /* PhotoFrame */,
			);
			path = ColorFilter;
			sourceTree = "<group>";
		};
		211124E320B254660031A4C0 /* HalfGray */ = {
			isa = PBXGroup;
			children = (
				211124E420B254660031A4C0 /* YJHalfGrayFilter.h */,
				211124E520B254660031A4C0 /* YJHalfGrayFilter.m */,
			);
			path = HalfGray;
			sourceTree = "<group>";
		};
		211124E620B254660031A4C0 /* PhotoFrame */ = {
			isa = PBXGroup;
			children = (
				211124EC20B2666E0031A4C0 /* frame1.png */,
				211124EA20B2613E0031A4C0 /* frame.png */,
				22E8ADB720B14E3C0000A591 /* CustomAlphaBlendFilter.h */,
				22E8ADB820B14E3C0000A591 /* CustomAlphaBlendFilter.m */,
				211124F220B295000031A4C0 /* CustomFrameBlendThreeFilter.h */,
				211124F320B295000031A4C0 /* CustomFrameBlendThreeFilter.m */,
				211124F520B2A15A0031A4C0 /* FrameBlendController.h */,
				211124F620B2A15A0031A4C0 /* FrameBlendController.m */,
			);
			path = PhotoFrame;
			sourceTree = "<group>";
		};
		211124F820B2A4860031A4C0 /* OldPhoto */ = {
			isa = PBXGroup;
			children = (
				211124F920B2A4B60031A4C0 /* YJOldPhoteFilter.h */,
				211124FA20B2A4B60031A4C0 /* YJOldPhoteFilter.m */,
			);
			path = OldPhoto;
			sourceTree = "<group>";
		};
		2190C7BB20B3ABD200A606D4 /* SimpleSketch */ = {
			isa = PBXGroup;
			children = (
				2190C7B820B3A72400A606D4 /* CustomSketchFilter.h */,
				2190C7B920B3A72400A606D4 /* CustomSketchFilter.m */,
				2190C7BC20B3ABFB00A606D4 /* SimpleSketchController.h */,
				2190C7BD20B3ABFB00A606D4 /* SimpleSketchController.m */,
			);
			path = SimpleSketch;
			sourceTree = "<group>";
		};
		2190C7C520B3ED3B00A606D4 /* HalfSketch */ = {
			isa = PBXGroup;
			children = (
				2190C7C620B3ED6800A606D4 /* HalfSketchFilter.h */,
				2190C7C720B3ED6800A606D4 /* HalfSketchFilter.m */,
				2190C7C920B3F0E100A606D4 /* HalfSketchController.h */,
				2190C7CA20B3F0E100A606D4 /* HalfSketchController.m */,
			);
			path = HalfSketch;
			sourceTree = "<group>";
		};
		21B6611120B4033300AD2D53 /* fw_amaro_鸡尾酒 */ = {
			isa = PBXGroup;
			children = (
				21B6612D20B411C800AD2D53 /* FWAmaroFilter.h */,
				21B6612C20B411C700AD2D53 /* FWAmaroFilter.m */,
				21B6611220B4037700AD2D53 /* amaroMap.png */,
				21B6611420B4037700AD2D53 /* blackboard1024.png */,
				21B6611520B4037700AD2D53 /* overlayMap.png */,
			);
			path = "fw_amaro_鸡尾酒";
			sourceTree = "<group>";
		};
		21EB1FCE208ECE9E0046F4DA = {
			isa = PBXGroup;
			children = (
				21EB1FD9208ECE9E0046F4DA /* iOSOpenGl */,
				21EB1FF2208ECE9E0046F4DA /* iOSOpenGlTests */,
				21EB1FFD208ECE9E0046F4DA /* iOSOpenGlUITests */,
				21EB1FD8208ECE9E0046F4DA /* Products */,
				12A3918FD631E03F73279286 /* Pods */,
				3CD434049C444B0A706A0514 /* Frameworks */,
			);
			sourceTree = "<group>";
		};
		21EB1FD8208ECE9E0046F4DA /* Products */ = {
			isa = PBXGroup;
			children = (
				21EB1FD7208ECE9E0046F4DA /* iOSOpenGl.app */,
				21EB1FEF208ECE9E0046F4DA /* iOSOpenGlTests.xctest */,
				21EB1FFA208ECE9E0046F4DA /* iOSOpenGlUITests.xctest */,
			);
			name = Products;
			sourceTree = "<group>";
		};
		21EB1FD9208ECE9E0046F4DA /* iOSOpenGl */ = {
			isa = PBXGroup;
			children = (
				211124E220B254660031A4C0 /* ColorFilter */,
				218933DD20A2ECEC00AF159F /* origin.png */,
				2178D17B20A16C4100A2473E /* awesomeface.jpg */,
				21879BF420A0226500E55A35 /* lookup.png */,
				21879BF2209FFDDF00E55A35 /* lookup_amatorka.png */,
				21879BF0209FF44700E55A35 /* source.jpg */,
				22E8ADB620B14E3C0000A591 /* customFilter */,
				21EB200F208EE2CF0046F4DA /* Shaders */,
				21EB2010208EE2CF0046F4DA /* Utils */,
				21EB1FDA208ECE9E0046F4DA /* AppDelegate.h */,
				21EB1FDB208ECE9E0046F4DA /* AppDelegate.m */,
				22E8ADB320B14CEA0000A591 /* ColorController.h */,
				22E8ADB420B14CEA0000A591 /* ColorController.m */,
				2190C7C220B3CA4F00A606D4 /* YJSnowFilter.h */,
				2190C7C320B3CA4F00A606D4 /* YJSnowFilter.m */,
				21EB1FDD208ECE9E0046F4DA /* ViewController.h */,
				21EB1FDE208ECE9E0046F4DA /* ViewController.mm */,
				2167E8D220A96FF000EC48CB /* OpenCVController.h */,
				2167E8D320A96FF000EC48CB /* OpenCVController.mm */,
				217B1AB820AEA12300C0815E /* OpenCVRoundController.h */,
				217B1AB920AEA12300C0815E /* OpenCVRoundController.mm */,
				217B1ABB20AEBEA500C0815E /* GPUCannyController.h */,
				217B1ABC20AEBEA500C0815E /* GPUCannyController.m */,
				21EB2039208F24E00046F4DA /* wood.jpg */,
				21EB2B3A20902DC500238143 /* flower.jpg */,
				21EB1FE0208ECE9E0046F4DA /* Main.storyboard */,
				21EB1FE3208ECE9E0046F4DA /* Assets.xcassets */,
				21EB1FE5208ECE9E0046F4DA /* LaunchScreen.storyboard */,
				21EB1FE8208ECE9E0046F4DA /* Info.plist */,
				21EB1FE9208ECE9E0046F4DA /* main.m */,
				21B5945B20946078004EC8BB /* macro.h */,
				21941CBA209C563400833A8F /* InvertFilter.h */,
				21941CBB209C563400833A8F /* InvertFilter.m */,
				21B6611E20B407E200AD2D53 /* opengl.pch */,
			);
			path = iOSOpenGl;
			sourceTree = "<group>";
		};
		21EB1FF2208ECE9E0046F4DA /* iOSOpenGlTests */ = {
			isa = PBXGroup;
			children = (
				21EB1FF3208ECE9E0046F4DA /* iOSOpenGlTests.m */,
				21EB1FF5208ECE9E0046F4DA /* Info.plist */,
			);
			path = iOSOpenGlTests;
			sourceTree = "<group>";
		};
		21EB1FFD208ECE9E0046F4DA /* iOSOpenGlUITests */ = {
			isa = PBXGroup;
			children = (
				21EB1FFE208ECE9E0046F4DA /* iOSOpenGlUITests.m */,
				21EB2000208ECE9E0046F4DA /* Info.plist */,
			);
			path = iOSOpenGlUITests;
			sourceTree = "<group>";
		};
		21EB200F208EE2CF0046F4DA /* Shaders */ = {
			isa = PBXGroup;
			children = (
				21EB200C208ED0EF0046F4DA /* OpenglView.h */,
				21EB200D208ED0EF0046F4DA /* OpenglView.m */,
				21EB2014208EF61D0046F4DA /* VertexShader.glsl */,
				21EB2016208EF62F0046F4DA /* FragmentShader.glsl */,
			);
			path = Shaders;
			sourceTree = "<group>";
		};
		21EB2010208EE2CF0046F4DA /* Utils */ = {
			isa = PBXGroup;
			children = (
				21EB204D208F2E920046F4DA /* include */,
				21EB2054208F2E920046F4DA /* JpegUtil.c */,
				21EB2053208F2E920046F4DA /* JpegUtil.h */,
				21EB204A208F2E920046F4DA /* prebuilt */,
				21EB2011208EE2F00046F4DA /* GLESUtils.c */,
				21EB2012208EE2F00046F4DA /* GLESUtils.h */,
			);
			path = Utils;
			sourceTree = "<group>";
		};
		21EB204A208F2E920046F4DA /* prebuilt */ = {
			isa = PBXGroup;
			children = (
				21EB204B208F2E920046F4DA /* ios */,
			);
			path = prebuilt;
			sourceTree = "<group>";
		};
		21EB204B208F2E920046F4DA /* ios */ = {
			isa = PBXGroup;
			children = (
				21EB204C208F2E920046F4DA /* libjpeg.a */,
			);
			path = ios;
			sourceTree = "<group>";
		};
		21EB204D208F2E920046F4DA /* include */ = {
			isa = PBXGroup;
			children = (
				21EB204E208F2E920046F4DA /* ios */,
			);
			path = include;
			sourceTree = "<group>";
		};
		21EB204E208F2E920046F4DA /* ios */ = {
			isa = PBXGroup;
			children = (
				21EB204F208F2E920046F4DA /* jconfig.h */,
				21EB2050208F2E920046F4DA /* jerror.h */,
				21EB2051208F2E920046F4DA /* jmorecfg.h */,
				21EB2052208F2E920046F4DA /* jpeglib.h */,
			);
			path = ios;
			sourceTree = "<group>";
		};
		22E2623020B46D84005F2960 /* fw_nashville_奶昔 */ = {
			isa = PBXGroup;
			children = (
				22E2623420B46F66005F2960 /* nashvilleMap.png */,
				22E2623120B46D84005F2960 /* FWNashvilleFilter.h */,
				22E2623220B46D84005F2960 /* FWNashvilleFilter.m */,
			);
			path = "fw_nashville_奶昔";
			sourceTree = "<group>";
		};
		22E8ADB620B14E3C0000A591 /* customFilter */ = {
			isa = PBXGroup;
			children = (
				22E8ADB920B14E3C0000A591 /* CustomBeautyfaceFilter.h */,
				22E8ADBA20B14E3C0000A591 /* CustomBeautyfaceFilter.m */,
				22E8ADBB20B14E3C0000A591 /* CustomBrightnessFilter.h */,
				22E8ADBC20B14E3C0000A591 /* CustomBrightnessFilter.m */,
				22E8ADBD20B14E3C0000A591 /* CustomHSVFilter.h */,
				22E8ADBE20B14E3C0000A591 /* CustomHSVFilter.m */,
				22E8ADBF20B14E3C0000A591 /* CustomSkinFilter.h */,
				22E8ADC020B14E3C0000A591 /* CustomSkinFilter.m */,
				22E8ADC120B14E3C0000A591 /* CustomUIElement.h */,
				22E8ADC220B14E3C0000A591 /* CustomUIElement.m */,
				22E8ADC320B14E3C0000A591 /* FishEyeFilter.h */,
				22E8ADC420B14E3C0000A591 /* FishEyeFilter.m */,
			);
			path = customFilter;
			sourceTree = "<group>";
		};
		3CD434049C444B0A706A0514 /* Frameworks */ = {
			isa = PBXGroup;
			children = (
				22E2622E20B46C8D005F2960 /* opencv2.framework */,
				2167E8D520A971B700EC48CB /* UIKit.framework */,
				22E8ADB120A7D12C0000A591 /* AssetsLibrary.framework */,
				22E8ADAF20A7D1230000A591 /* CoreMedia.framework */,
				22E8ADAD20A7D11D0000A591 /* CoreVideo.framework */,
				22E8ADAB20A7D1140000A591 /* Accelerate.framework */,
				22E8ADA920A7D1100000A591 /* QuartzCore.framework */,
				22E8ADA720A7D1080000A591 /* CoreGraphics.framework */,
				22E8ADA520A7D1020000A591 /* CoreImage.framework */,
				22E8ADA320A7D0FD0000A591 /* AVFoundation.framework */,
				D209625752C766FBBB1265DF /* libPods-iOSOpenGl.a */,
			);
			name = Frameworks;
			sourceTree = "<group>";
		};
/* End PBXGroup section */

/* Begin PBXNativeTarget section */
		21EB1FD6208ECE9E0046F4DA /* iOSOpenGl */ = {
			isa = PBXNativeTarget;
			buildConfigurationList = 21EB2003208ECE9E0046F4DA /* Build configuration list for PBXNativeTarget "iOSOpenGl" */;
			buildPhases = (
				106795631A91EA4322B261CB /* [CP] Check Pods Manifest.lock */,
				21EB1FD3208ECE9E0046F4DA /* Sources */,
				21EB1FD4208ECE9E0046F4DA /* Frameworks */,
				21EB1FD5208ECE9E0046F4DA /* Resources */,
				615BB72072B3ADC6851249F0 /* [CP] Embed Pods Frameworks */,
				0F908CDCB1CC73BB6ED32878 /* [CP] Copy Pods Resources */,
			);
			buildRules = (
			);
			dependencies = (
			);
			name = iOSOpenGl;
			productName = iOSOpenGl;
			productReference = 21EB1FD7208ECE9E0046F4DA /* iOSOpenGl.app */;
			productType = "com.apple.product-type.application";
		};
		21EB1FEE208ECE9E0046F4DA /* iOSOpenGlTests */ = {
			isa = PBXNativeTarget;
			buildConfigurationList = 21EB2006208ECE9E0046F4DA /* Build configuration list for PBXNativeTarget "iOSOpenGlTests" */;
			buildPhases = (
				21EB1FEB208ECE9E0046F4DA /* Sources */,
				21EB1FEC208ECE9E0046F4DA /* Frameworks */,
				21EB1FED208ECE9E0046F4DA /* Resources */,
			);
			buildRules = (
			);
			dependencies = (
				21EB1FF1208ECE9E0046F4DA /* PBXTargetDependency */,
			);
			name = iOSOpenGlTests;
			productName = iOSOpenGlTests;
			productReference = 21EB1FEF208ECE9E0046F4DA /* iOSOpenGlTests.xctest */;
			productType = "com.apple.product-type.bundle.unit-test";
		};
		21EB1FF9208ECE9E0046F4DA /* iOSOpenGlUITests */ = {
			isa = PBXNativeTarget;
			buildConfigurationList = 21EB2009208ECE9E0046F4DA /* Build configuration list for PBXNativeTarget "iOSOpenGlUITests" */;
			buildPhases = (
				21EB1FF6208ECE9E0046F4DA /* Sources */,
				21EB1FF7208ECE9E0046F4DA /* Frameworks */,
				21EB1FF8208ECE9E0046F4DA /* Resources */,
			);
			buildRules = (
			);
			dependencies = (
				21EB1FFC208ECE9E0046F4DA /* PBXTargetDependency */,
			);
			name = iOSOpenGlUITests;
			productName = iOSOpenGlUITests;
			productReference = 21EB1FFA208ECE9E0046F4DA /* iOSOpenGlUITests.xctest */;
			productType = "com.apple.product-type.bundle.ui-testing";
		};
/* End PBXNativeTarget section */

/* Begin PBXProject section */
		21EB1FCF208ECE9E0046F4DA /* Project object */ = {
			isa = PBXProject;
			attributes = {
				LastUpgradeCheck = 0920;
				ORGANIZATIONNAME = wan;
				TargetAttributes = {
					21EB1FD6208ECE9E0046F4DA = {
						CreatedOnToolsVersion = 9.2;
						ProvisioningStyle = Automatic;
					};
					21EB1FEE208ECE9E0046F4DA = {
						CreatedOnToolsVersion = 9.2;
						ProvisioningStyle = Automatic;
						TestTargetID = 21EB1FD6208ECE9E0046F4DA;
					};
					21EB1FF9208ECE9E0046F4DA = {
						CreatedOnToolsVersion = 9.2;
						ProvisioningStyle = Automatic;
						TestTargetID = 21EB1FD6208ECE9E0046F4DA;
					};
				};
			};
			buildConfigurationList = 21EB1FD2208ECE9E0046F4DA /* Build configuration list for PBXProject "iOSOpenGl" */;
			compatibilityVersion = "Xcode 8.0";
			developmentRegion = en;
			hasScannedForEncodings = 0;
			knownRegions = (
				en,
				Base,
			);
			mainGroup = 21EB1FCE208ECE9E0046F4DA;
			productRefGroup = 21EB1FD8208ECE9E0046F4DA /* Products */;
			projectDirPath = "";
			projectRoot = "";
			targets = (
				21EB1FD6208ECE9E0046F4DA /* iOSOpenGl */,
				21EB1FEE208ECE9E0046F4DA /* iOSOpenGlTests */,
				21EB1FF9208ECE9E0046F4DA /* iOSOpenGlUITests */,
			);
		};
/* End PBXProject section */

/* Begin PBXResourcesBuildPhase section */
		21EB1FD5208ECE9E0046F4DA /* Resources */ = {
			isa = PBXResourcesBuildPhase;
			buildActionMask = 2147483647;
			files = (
				21B6611A20B4037700AD2D53 /* overlayMap.png in Resources */,
				2178D17C20A16C4100A2473E /* awesomeface.jpg in Resources */,
				21B6611920B4037700AD2D53 /* blackboard1024.png in Resources */,
				21879BF1209FF44700E55A35 /* source.jpg in Resources */,
				21EB1FE7208ECE9E0046F4DA /* LaunchScreen.storyboard in Resources */,
				21EB1FE4208ECE9E0046F4DA /* Assets.xcassets in Resources */,
				211124ED20B2666E0031A4C0 /* frame1.png in Resources */,
				21879BF3209FFDDF00E55A35 /* lookup_amatorka.png in Resources */,
				21EB2015208EF61D0046F4DA /* VertexShader.glsl in Resources */,
				21EB2B3B20902DC600238143 /* flower.jpg in Resources */,
				211124EB20B2613E0031A4C0 /* frame.png in Resources */,
				21B6611720B4037700AD2D53 /* amaroMap.png in Resources */,
				21EB1FE2208ECE9E0046F4DA /* Main.storyboard in Resources */,
				22E2623520B46F66005F2960 /* nashvilleMap.png in Resources */,
				21879BF520A0226500E55A35 /* lookup.png in Resources */,
				218933DE20A2ECED00AF159F /* origin.png in Resources */,
				21EB2017208EF62F0046F4DA /* FragmentShader.glsl in Resources */,
				21EB203A208F24E00046F4DA /* wood.jpg in Resources */,
			);
			runOnlyForDeploymentPostprocessing = 0;
		};
		21EB1FED208ECE9E0046F4DA /* Resources */ = {
			isa = PBXResourcesBuildPhase;
			buildActionMask = 2147483647;
			files = (
			);
			runOnlyForDeploymentPostprocessing = 0;
		};
		21EB1FF8208ECE9E0046F4DA /* Resources */ = {
			isa = PBXResourcesBuildPhase;
			buildActionMask = 2147483647;
			files = (
			);
			runOnlyForDeploymentPostprocessing = 0;
		};
/* End PBXResourcesBuildPhase section */

/* Begin PBXShellScriptBuildPhase section */
		0F908CDCB1CC73BB6ED32878 /* [CP] Copy Pods Resources */ = {
			isa = PBXShellScriptBuildPhase;
			buildActionMask = 2147483647;
			files = (
			);
			inputPaths = (
				"${SRCROOT}/Pods/Target Support Files/Pods-iOSOpenGl/Pods-iOSOpenGl-resources.sh",
				"${PODS_ROOT}/GPUImage/framework/Resources/lookup.png",
				"${PODS_ROOT}/GPUImage/framework/Resources/lookup_amatorka.png",
				"${PODS_ROOT}/GPUImage/framework/Resources/lookup_miss_etikate.png",
				"${PODS_ROOT}/GPUImage/framework/Resources/lookup_soft_elegance_1.png",
				"${PODS_ROOT}/GPUImage/framework/Resources/lookup_soft_elegance_2.png",
			);
			name = "[CP] Copy Pods Resources";
			outputPaths = (
				"${TARGET_BUILD_DIR}/${UNLOCALIZED_RESOURCES_FOLDER_PATH}/lookup.png",
				"${TARGET_BUILD_DIR}/${UNLOCALIZED_RESOURCES_FOLDER_PATH}/lookup_amatorka.png",
				"${TARGET_BUILD_DIR}/${UNLOCALIZED_RESOURCES_FOLDER_PATH}/lookup_miss_etikate.png",
				"${TARGET_BUILD_DIR}/${UNLOCALIZED_RESOURCES_FOLDER_PATH}/lookup_soft_elegance_1.png",
				"${TARGET_BUILD_DIR}/${UNLOCALIZED_RESOURCES_FOLDER_PATH}/lookup_soft_elegance_2.png",
			);
			runOnlyForDeploymentPostprocessing = 0;
			shellPath = /bin/sh;
			shellScript = "\"${SRCROOT}/Pods/Target Support Files/Pods-iOSOpenGl/Pods-iOSOpenGl-resources.sh\"\n";
			showEnvVarsInLog = 0;
		};
		106795631A91EA4322B261CB /* [CP] Check Pods Manifest.lock */ = {
			isa = PBXShellScriptBuildPhase;
			buildActionMask = 2147483647;
			files = (
			);
			inputPaths = (
				"${PODS_PODFILE_DIR_PATH}/Podfile.lock",
				"${PODS_ROOT}/Manifest.lock",
			);
			name = "[CP] Check Pods Manifest.lock";
			outputPaths = (
				"$(DERIVED_FILE_DIR)/Pods-iOSOpenGl-checkManifestLockResult.txt",
			);
			runOnlyForDeploymentPostprocessing = 0;
			shellPath = /bin/sh;
			shellScript = "diff \"${PODS_PODFILE_DIR_PATH}/Podfile.lock\" \"${PODS_ROOT}/Manifest.lock\" > /dev/null\nif [ $? != 0 ] ; then\n    # print error to STDERR\n    echo \"error: The sandbox is not in sync with the Podfile.lock. Run 'pod install' or update your CocoaPods installation.\" >&2\n    exit 1\nfi\n# This output is used by Xcode 'outputs' to avoid re-running this script phase.\necho \"SUCCESS\" > \"${SCRIPT_OUTPUT_FILE_0}\"\n";
			showEnvVarsInLog = 0;
		};
		615BB72072B3ADC6851249F0 /* [CP] Embed Pods Frameworks */ = {
			isa = PBXShellScriptBuildPhase;
			buildActionMask = 2147483647;
			files = (
			);
			inputPaths = (
			);
			name = "[CP] Embed Pods Frameworks";
			outputPaths = (
			);
			runOnlyForDeploymentPostprocessing = 0;
			shellPath = /bin/sh;
			shellScript = "\"${SRCROOT}/Pods/Target Support Files/Pods-iOSOpenGl/Pods-iOSOpenGl-frameworks.sh\"\n";
			showEnvVarsInLog = 0;
		};
/* End PBXShellScriptBuildPhase section */

/* Begin PBXSourcesBuildPhase section */
		21EB1FD3208ECE9E0046F4DA /* Sources */ = {
			isa = PBXSourcesBuildPhase;
			buildActionMask = 2147483647;
			files = (
				21EB1FDF208ECE9E0046F4DA /* ViewController.mm in Sources */,
				2190C7BA20B3A72400A606D4 /* CustomSketchFilter.m in Sources */,
				21EB2056208F2E920046F4DA /* JpegUtil.c in Sources */,
				2190C7BE20B3ABFB00A606D4 /* SimpleSketchController.m in Sources */,
				21EB1FEA208ECE9E0046F4DA /* main.m in Sources */,
				211124FB20B2A4B60031A4C0 /* YJOldPhoteFilter.m in Sources */,
				22E8ADC920B14E3D0000A591 /* CustomSkinFilter.m in Sources */,
				22E8ADCA20B14E3D0000A591 /* CustomUIElement.m in Sources */,
				22E8ADC720B14E3D0000A591 /* CustomBrightnessFilter.m in Sources */,
				21B6612E20B411C800AD2D53 /* FWAmaroFilter.m in Sources */,
				22E8ADC520B14E3D0000A591 /* CustomAlphaBlendFilter.m in Sources */,
				21EB2013208EE2F00046F4DA /* GLESUtils.c in Sources */,
				21EB1FDC208ECE9E0046F4DA /* AppDelegate.m in Sources */,
				21B6613120B411DD00AD2D53 /* GPUImageFourInputFilter.m in Sources */,
				21EB200E208ED0EF0046F4DA /* OpenglView.m in Sources */,
				2190C7C420B3CA4F00A606D4 /* YJSnowFilter.m in Sources */,
				211124E720B254660031A4C0 /* YJHalfGrayFilter.m in Sources */,
				217B1ABA20AEA12300C0815E /* OpenCVRoundController.mm in Sources */,
				22E8ADCB20B14E3D0000A591 /* FishEyeFilter.m in Sources */,
				211124F720B2A15A0031A4C0 /* FrameBlendController.m in Sources */,
				217B1ABD20AEBEA500C0815E /* GPUCannyController.m in Sources */,
				21941CBC209C563400833A8F /* InvertFilter.m in Sources */,
				22E8ADB520B14CEB0000A591 /* ColorController.m in Sources */,
				2167E8D420A96FF000EC48CB /* OpenCVController.mm in Sources */,
				211124F420B295000031A4C0 /* CustomFrameBlendThreeFilter.m in Sources */,
				2190C7CB20B3F0E100A606D4 /* HalfSketchController.m in Sources */,
				22E8ADC620B14E3D0000A591 /* CustomBeautyfaceFilter.m in Sources */,
				22E2623320B46D85005F2960 /* FWNashvilleFilter.m in Sources */,
				2190C7C820B3ED6800A606D4 /* HalfSketchFilter.m in Sources */,
				22E8ADC820B14E3D0000A591 /* CustomHSVFilter.m in Sources */,
			);
			runOnlyForDeploymentPostprocessing = 0;
		};
		21EB1FEB208ECE9E0046F4DA /* Sources */ = {
			isa = PBXSourcesBuildPhase;
			buildActionMask = 2147483647;
			files = (
				21EB1FF4208ECE9E0046F4DA /* iOSOpenGlTests.m in Sources */,
			);
			runOnlyForDeploymentPostprocessing = 0;
		};
		21EB1FF6208ECE9E0046F4DA /* Sources */ = {
			isa = PBXSourcesBuildPhase;
			buildActionMask = 2147483647;
			files = (
				21EB1FFF208ECE9E0046F4DA /* iOSOpenGlUITests.m in Sources */,
			);
			runOnlyForDeploymentPostprocessing = 0;
		};
/* End PBXSourcesBuildPhase section */

/* Begin PBXTargetDependency section */
		21EB1FF1208ECE9E0046F4DA /* PBXTargetDependency */ = {
			isa = PBXTargetDependency;
			target = 21EB1FD6208ECE9E0046F4DA /* iOSOpenGl */;
			targetProxy = 21EB1FF0208ECE9E0046F4DA /* PBXContainerItemProxy */;
		};
		21EB1FFC208ECE9E0046F4DA /* PBXTargetDependency */ = {
			isa = PBXTargetDependency;
			target = 21EB1FD6208ECE9E0046F4DA /* iOSOpenGl */;
			targetProxy = 21EB1FFB208ECE9E0046F4DA /* PBXContainerItemProxy */;
		};
/* End PBXTargetDependency section */

/* Begin PBXVariantGroup section */
		21EB1FE0208ECE9E0046F4DA /* Main.storyboard */ = {
			isa = PBXVariantGroup;
			children = (
				21EB1FE1208ECE9E0046F4DA /* Base */,
			);
			name = Main.storyboard;
			sourceTree = "<group>";
		};
		21EB1FE5208ECE9E0046F4DA /* LaunchScreen.storyboard */ = {
			isa = PBXVariantGroup;
			children = (
				21EB1FE6208ECE9E0046F4DA /* Base */,
			);
			name = LaunchScreen.storyboard;
			sourceTree = "<group>";
		};
/* End PBXVariantGroup section */

/* Begin XCBuildConfiguration section */
		21EB2001208ECE9E0046F4DA /* Debug */ = {
			isa = XCBuildConfiguration;
			buildSettings = {
				ALWAYS_SEARCH_USER_PATHS = NO;
				CLANG_ANALYZER_NONNULL = YES;
				CLANG_ANALYZER_NUMBER_OBJECT_CONVERSION = YES_AGGRESSIVE;
				CLANG_CXX_LANGUAGE_STANDARD = "gnu++14";
				CLANG_CXX_LIBRARY = "libc++";
				CLANG_ENABLE_MODULES = YES;
				CLANG_ENABLE_OBJC_ARC = YES;
				CLANG_WARN_BLOCK_CAPTURE_AUTORELEASING = YES;
				CLANG_WARN_BOOL_CONVERSION = YES;
				CLANG_WARN_COMMA = YES;
				CLANG_WARN_CONSTANT_CONVERSION = YES;
				CLANG_WARN_DIRECT_OBJC_ISA_USAGE = YES_ERROR;
				CLANG_WARN_DOCUMENTATION_COMMENTS = YES;
				CLANG_WARN_EMPTY_BODY = YES;
				CLANG_WARN_ENUM_CONVERSION = YES;
				CLANG_WARN_INFINITE_RECURSION = YES;
				CLANG_WARN_INT_CONVERSION = YES;
				CLANG_WARN_NON_LITERAL_NULL_CONVERSION = YES;
				CLANG_WARN_OBJC_LITERAL_CONVERSION = YES;
				CLANG_WARN_OBJC_ROOT_CLASS = YES_ERROR;
				CLANG_WARN_RANGE_LOOP_ANALYSIS = YES;
				CLANG_WARN_STRICT_PROTOTYPES = YES;
				CLANG_WARN_SUSPICIOUS_MOVE = YES;
				CLANG_WARN_UNGUARDED_AVAILABILITY = YES_AGGRESSIVE;
				CLANG_WARN_UNREACHABLE_CODE = YES;
				CLANG_WARN__DUPLICATE_METHOD_MATCH = YES;
				CODE_SIGN_IDENTITY = "iPhone Developer";
				COPY_PHASE_STRIP = NO;
				DEBUG_INFORMATION_FORMAT = dwarf;
				ENABLE_STRICT_OBJC_MSGSEND = YES;
				ENABLE_TESTABILITY = YES;
				GCC_C_LANGUAGE_STANDARD = gnu11;
				GCC_DYNAMIC_NO_PIC = NO;
				GCC_NO_COMMON_BLOCKS = YES;
				GCC_OPTIMIZATION_LEVEL = 0;
				GCC_PREPROCESSOR_DEFINITIONS = (
					"DEBUG=1",
					"$(inherited)",
				);
				GCC_WARN_64_TO_32_BIT_CONVERSION = YES;
				GCC_WARN_ABOUT_RETURN_TYPE = YES_ERROR;
				GCC_WARN_UNDECLARED_SELECTOR = YES;
				GCC_WARN_UNINITIALIZED_AUTOS = YES_AGGRESSIVE;
				GCC_WARN_UNUSED_FUNCTION = YES;
				GCC_WARN_UNUSED_VARIABLE = YES;
				IPHONEOS_DEPLOYMENT_TARGET = 11.2;
				MTL_ENABLE_DEBUG_INFO = YES;
				ONLY_ACTIVE_ARCH = YES;
				SDKROOT = iphoneos;
			};
			name = Debug;
		};
		21EB2002208ECE9E0046F4DA /* Release */ = {
			isa = XCBuildConfiguration;
			buildSettings = {
				ALWAYS_SEARCH_USER_PATHS = NO;
				CLANG_ANALYZER_NONNULL = YES;
				CLANG_ANALYZER_NUMBER_OBJECT_CONVERSION = YES_AGGRESSIVE;
				CLANG_CXX_LANGUAGE_STANDARD = "gnu++14";
				CLANG_CXX_LIBRARY = "libc++";
				CLANG_ENABLE_MODULES = YES;
				CLANG_ENABLE_OBJC_ARC = YES;
				CLANG_WARN_BLOCK_CAPTURE_AUTORELEASING = YES;
				CLANG_WARN_BOOL_CONVERSION = YES;
				CLANG_WARN_COMMA = YES;
				CLANG_WARN_CONSTANT_CONVERSION = YES;
				CLANG_WARN_DIRECT_OBJC_ISA_USAGE = YES_ERROR;
				CLANG_WARN_DOCUMENTATION_COMMENTS = YES;
				CLANG_WARN_EMPTY_BODY = YES;
				CLANG_WARN_ENUM_CONVERSION = YES;
				CLANG_WARN_INFINITE_RECURSION = YES;
				CLANG_WARN_INT_CONVERSION = YES;
				CLANG_WARN_NON_LITERAL_NULL_CONVERSION = YES;
				CLANG_WARN_OBJC_LITERAL_CONVERSION = YES;
				CLANG_WARN_OBJC_ROOT_CLASS = YES_ERROR;
				CLANG_WARN_RANGE_LOOP_ANALYSIS = YES;
				CLANG_WARN_STRICT_PROTOTYPES = YES;
				CLANG_WARN_SUSPICIOUS_MOVE = YES;
				CLANG_WARN_UNGUARDED_AVAILABILITY = YES_AGGRESSIVE;
				CLANG_WARN_UNREACHABLE_CODE = YES;
				CLANG_WARN__DUPLICATE_METHOD_MATCH = YES;
				CODE_SIGN_IDENTITY = "iPhone Developer";
				COPY_PHASE_STRIP = NO;
				DEBUG_INFORMATION_FORMAT = "dwarf-with-dsym";
				ENABLE_NS_ASSERTIONS = NO;
				ENABLE_STRICT_OBJC_MSGSEND = YES;
				GCC_C_LANGUAGE_STANDARD = gnu11;
				GCC_NO_COMMON_BLOCKS = YES;
				GCC_WARN_64_TO_32_BIT_CONVERSION = YES;
				GCC_WARN_ABOUT_RETURN_TYPE = YES_ERROR;
				GCC_WARN_UNDECLARED_SELECTOR = YES;
				GCC_WARN_UNINITIALIZED_AUTOS = YES_AGGRESSIVE;
				GCC_WARN_UNUSED_FUNCTION = YES;
				GCC_WARN_UNUSED_VARIABLE = YES;
				IPHONEOS_DEPLOYMENT_TARGET = 11.2;
				MTL_ENABLE_DEBUG_INFO = NO;
				SDKROOT = iphoneos;
				VALIDATE_PRODUCT = YES;
			};
			name = Release;
		};
		21EB2004208ECE9E0046F4DA /* Debug */ = {
			isa = XCBuildConfiguration;
			baseConfigurationReference = C454923D628F5FB9E143D11E /* Pods-iOSOpenGl.debug.xcconfig */;
			buildSettings = {
				ASSETCATALOG_COMPILER_APPICON_NAME = AppIcon;
				CODE_SIGN_STYLE = Automatic;
				DEVELOPMENT_TEAM = GN2K929UC4;
				ENABLE_BITCODE = NO;
				FRAMEWORK_SEARCH_PATHS = (
					"$(inherited)",
					"$(PROJECT_DIR)",
				);
				GCC_PREFIX_HEADER = iOSOpenGl/opengl.pch;
				INFOPLIST_FILE = iOSOpenGl/Info.plist;
				IPHONEOS_DEPLOYMENT_TARGET = 11.1;
				LD_RUNPATH_SEARCH_PATHS = "$(inherited) @executable_path/Frameworks";
				LIBRARY_SEARCH_PATHS = (
					"$(inherited)",
					"$(PROJECT_DIR)/iOSOpenGl/Utils/prebuilt/ios",
				);
				OTHER_LDFLAGS = "$(inherited)";
				PRODUCT_BUNDLE_IDENTIFIER = com.wan.test;
				PRODUCT_NAME = "$(TARGET_NAME)";
				TARGETED_DEVICE_FAMILY = "1,2";
			};
			name = Debug;
		};
		21EB2005208ECE9E0046F4DA /* Release */ = {
			isa = XCBuildConfiguration;
			baseConfigurationReference = B972DBB5686C7510C1846A83 /* Pods-iOSOpenGl.release.xcconfig */;
			buildSettings = {
				ASSETCATALOG_COMPILER_APPICON_NAME = AppIcon;
				CODE_SIGN_STYLE = Automatic;
				DEVELOPMENT_TEAM = GN2K929UC4;
				ENABLE_BITCODE = NO;
				FRAMEWORK_SEARCH_PATHS = (
					"$(inherited)",
					"$(PROJECT_DIR)",
				);
				GCC_PREFIX_HEADER = iOSOpenGl/opengl.pch;
				INFOPLIST_FILE = iOSOpenGl/Info.plist;
				IPHONEOS_DEPLOYMENT_TARGET = 11.1;
				LD_RUNPATH_SEARCH_PATHS = "$(inherited) @executable_path/Frameworks";
				LIBRARY_SEARCH_PATHS = (
					"$(inherited)",
					"$(PROJECT_DIR)/iOSOpenGl/Utils/prebuilt/ios",
				);
				OTHER_LDFLAGS = "$(inherited)";
				PRODUCT_BUNDLE_IDENTIFIER = com.wan.test;
				PRODUCT_NAME = "$(TARGET_NAME)";
				TARGETED_DEVICE_FAMILY = "1,2";
			};
			name = Release;
		};
		21EB2007208ECE9E0046F4DA /* Debug */ = {
			isa = XCBuildConfiguration;
			buildSettings = {
				BUNDLE_LOADER = "$(TEST_HOST)";
				CODE_SIGN_STYLE = Automatic;
				DEVELOPMENT_TEAM = L2QMMRR2HG;
				INFOPLIST_FILE = iOSOpenGlTests/Info.plist;
				LD_RUNPATH_SEARCH_PATHS = "$(inherited) @executable_path/Frameworks @loader_path/Frameworks";
				PRODUCT_BUNDLE_IDENTIFIER = com.wan.test.iOSOpenGlTests;
				PRODUCT_NAME = "$(TARGET_NAME)";
				TARGETED_DEVICE_FAMILY = "1,2";
				TEST_HOST = "$(BUILT_PRODUCTS_DIR)/iOSOpenGl.app/iOSOpenGl";
			};
			name = Debug;
		};
		21EB2008208ECE9E0046F4DA /* Release */ = {
			isa = XCBuildConfiguration;
			buildSettings = {
				BUNDLE_LOADER = "$(TEST_HOST)";
				CODE_SIGN_STYLE = Automatic;
				DEVELOPMENT_TEAM = L2QMMRR2HG;
				INFOPLIST_FILE = iOSOpenGlTests/Info.plist;
				LD_RUNPATH_SEARCH_PATHS = "$(inherited) @executable_path/Frameworks @loader_path/Frameworks";
				PRODUCT_BUNDLE_IDENTIFIER = com.wan.test.iOSOpenGlTests;
				PRODUCT_NAME = "$(TARGET_NAME)";
				TARGETED_DEVICE_FAMILY = "1,2";
				TEST_HOST = "$(BUILT_PRODUCTS_DIR)/iOSOpenGl.app/iOSOpenGl";
			};
			name = Release;
		};
		21EB200A208ECE9E0046F4DA /* Debug */ = {
			isa = XCBuildConfiguration;
			buildSettings = {
				CODE_SIGN_STYLE = Automatic;
				DEVELOPMENT_TEAM = L2QMMRR2HG;
				INFOPLIST_FILE = iOSOpenGlUITests/Info.plist;
				LD_RUNPATH_SEARCH_PATHS = "$(inherited) @executable_path/Frameworks @loader_path/Frameworks";
				PRODUCT_BUNDLE_IDENTIFIER = com.wan.test.iOSOpenGlUITests;
				PRODUCT_NAME = "$(TARGET_NAME)";
				TARGETED_DEVICE_FAMILY = "1,2";
				TEST_TARGET_NAME = iOSOpenGl;
			};
			name = Debug;
		};
		21EB200B208ECE9E0046F4DA /* Release */ = {
			isa = XCBuildConfiguration;
			buildSettings = {
				CODE_SIGN_STYLE = Automatic;
				DEVELOPMENT_TEAM = L2QMMRR2HG;
				INFOPLIST_FILE = iOSOpenGlUITests/Info.plist;
				LD_RUNPATH_SEARCH_PATHS = "$(inherited) @executable_path/Frameworks @loader_path/Frameworks";
				PRODUCT_BUNDLE_IDENTIFIER = com.wan.test.iOSOpenGlUITests;
				PRODUCT_NAME = "$(TARGET_NAME)";
				TARGETED_DEVICE_FAMILY = "1,2";
				TEST_TARGET_NAME = iOSOpenGl;
			};
			name = Release;
		};
/* End XCBuildConfiguration section */

/* Begin XCConfigurationList section */
		21EB1FD2208ECE9E0046F4DA /* Build configuration list for PBXProject "iOSOpenGl" */ = {
			isa = XCConfigurationList;
			buildConfigurations = (
				21EB2001208ECE9E0046F4DA /* Debug */,
				21EB2002208ECE9E0046F4DA /* Release */,
			);
			defaultConfigurationIsVisible = 0;
			defaultConfigurationName = Release;
		};
		21EB2003208ECE9E0046F4DA /* Build configuration list for PBXNativeTarget "iOSOpenGl" */ = {
			isa = XCConfigurationList;
			buildConfigurations = (
				21EB2004208ECE9E0046F4DA /* Debug */,
				21EB2005208ECE9E0046F4DA /* Release */,
			);
			defaultConfigurationIsVisible = 0;
			defaultConfigurationName = Release;
		};
		21EB2006208ECE9E0046F4DA /* Build configuration list for PBXNativeTarget "iOSOpenGlTests" */ = {
			isa = XCConfigurationList;
			buildConfigurations = (
				21EB2007208ECE9E0046F4DA /* Debug */,
				21EB2008208ECE9E0046F4DA /* Release */,
			);
			defaultConfigurationIsVisible = 0;
			defaultConfigurationName = Release;
		};
		21EB2009208ECE9E0046F4DA /* Build configuration list for PBXNativeTarget "iOSOpenGlUITests" */ = {
			isa = XCConfigurationList;
			buildConfigurations = (
				21EB200A208ECE9E0046F4DA /* Debug */,
				21EB200B208ECE9E0046F4DA /* Release */,
			);
			defaultConfigurationIsVisible = 0;
			defaultConfigurationName = Release;
		};
/* End XCConfigurationList section */
	};
	rootObject = 21EB1FCF208ECE9E0046F4DA /* Project object */;
}
